
Microsoft Visual Studio Solution File, Format Version 12.00
# Visual Studio 15
VisualStudioVersion = 15.0.26124.0
MinimumVisualStudioVersion = 15.0.26124.0
Project("{9A19103F-16F7-4668-BE54-9A1E7A4F7556}") = "R5T.NetStandard.Now.Construction", "R5T.NetStandard.Now.Construction\R5T.NetStandard.Now.Construction.csproj", "{CC7A287D-3349-4B04-B8C2-2A15737CD230}"
EndProject
Project("{9A19103F-16F7-4668-BE54-9A1E7A4F7556}") = "R5T.NetStandard.Now", "R5T.NetStandard.Now\R5T.NetStandard.Now.csproj", "{AF73CF2C-878F-4677-8C06-CFA71F7096D6}"
EndProject
Project("{9A19103F-16F7-4668-BE54-9A1E7A4F7556}") = "R5T.NetStandard.Now.Testing", "R5T.NetStandard.Now.Testing\R5T.NetStandard.Now.Testing.csproj", "{6F3F5959-CFB5-4F19-B874-DFEC70391EAD}"
EndProject
Project("{2150E333-8FDC-42A3-9474-1A3956D46DE8}") = "_Dependencies", "_Dependencies", "{A7C5D583-02AB-4C39-8568-20C1BA909E2D}"
EndProject
Project("{9A19103F-16F7-4668-BE54-9A1E7A4F7556}") = "R5T.NetStandard.Types", "..\..\R5T.NetStandard.Types\source\R5T.NetStandard.Types\R5T.NetStandard.Types.csproj", "{9B1FB611-D5E1-4826-A91B-82235434E01D}"
EndProject
Project("{9A19103F-16F7-4668-BE54-9A1E7A4F7556}") = "R5T.NetStandard.TypedString", "..\..\R5T.NetStandard.TypedString\source\R5T.NetStandard.TypedString\R5T.NetStandard.TypedString.csproj", "{28CF464F-F553-4CC1-A0BA-51AC5DB7285F}"
EndProject
Global
	GlobalSection(SolutionConfigurationPlatforms) = preSolution
		Debug|Any CPU = Debug|Any CPU
		Debug|x64 = Debug|x64
		Debug|x86 = Debug|x86
		Release|Any CPU = Release|Any CPU
		Release|x64 = Release|x64
		Release|x86 = Release|x86
	EndGlobalSection
	GlobalSection(ProjectConfigurationPlatforms) = postSolution
		{CC7A287D-3349-4B04-B8C2-2A15737CD230}.Debug|Any CPU.ActiveCfg = Debug|Any CPU
		{CC7A287D-3349-4B04-B8C2-2A15737CD230}.Debug|Any CPU.Build.0 = Debug|Any CPU
		{CC7A287D-3349-4B04-B8C2-2A15737CD230}.Debug|x64.ActiveCfg = Debug|Any CPU
		{CC7A287D-3349-4B04-B8C2-2A15737CD230}.Debug|x64.Build.0 = Debug|Any CPU
		{CC7A287D-3349-4B04-B8C2-2A15737CD230}.Debug|x86.ActiveCfg = Debug|Any CPU
		{CC7A287D-3349-4B04-B8C2-2A15737CD230}.Debug|x86.Build.0 = Debug|Any CPU
		{CC7A287D-3349-4B04-B8C2-2A15737CD230}.Release|Any CPU.ActiveCfg = Release|Any CPU
		{CC7A287D-3349-4B04-B8C2-2A15737CD230}.Release|Any CPU.Build.0 = Release|Any CPU
		{CC7A287D-3349-4B04-B8C2-2A15737CD230}.Release|x64.ActiveCfg = Release|Any CPU
		{CC7A287D-3349-4B04-B8C2-2A15737CD230}.Release|x64.Build.0 = Release|Any CPU
		{CC7A287D-3349-4B04-B8C2-2A15737CD230}.Release|x86.ActiveCfg = Release|Any CPU
		{CC7A287D-3349-4B04-B8C2-2A15737CD230}.Release|x86.Build.0 = Release|Any CPU
		{AF73CF2C-878F-4677-8C06-CFA71F7096D6}.Debug|Any CPU.ActiveCfg = Debug|Any CPU
		{AF73CF2C-878F-4677-8C06-CFA71F7096D6}.Debug|Any CPU.Build.0 = Debug|Any CPU
		{AF73CF2C-878F-4677-8C06-CFA71F7096D6}.Debug|x64.ActiveCfg = Debug|Any CPU
		{AF73CF2C-878F-4677-8C06-CFA71F7096D6}.Debug|x64.Build.0 = Debug|Any CPU
		{AF73CF2C-878F-4677-8C06-CFA71F7096D6}.Debug|x86.ActiveCfg = Debug|Any CPU
		{AF73CF2C-878F-4677-8C06-CFA71F7096D6}.Debug|x86.Build.0 = Debug|Any CPU
		{AF73CF2C-878F-4677-8C06-CFA71F7096D6}.Release|Any CPU.ActiveCfg = Release|Any CPU
		{AF73CF2C-878F-4677-8C06-CFA71F7096D6}.Release|Any CPU.Build.0 = Release|Any CPU
		{AF73CF2C-878F-4677-8C06-CFA71F7096D6}.Release|x64.ActiveCfg = Release|Any CPU
		{AF73CF2C-878F-4677-8C06-CFA71F7096D6}.Release|x64.Build.0 = Release|Any CPU
		{AF73CF2C-878F-4677-8C06-CFA71F7096D6}.Release|x86.ActiveCfg = Release|Any CPU
		{AF73CF2C-878F-4677-8C06-CFA71F7096D6}.Release|x86.Build.0 = Release|Any CPU
		{6F3F5959-CFB5-4F19-B874-DFEC70391EAD}.Debug|Any CPU.ActiveCfg = Debug|Any CPU
		{6F3F5959-CFB5-4F19-B874-DFEC70391EAD}.Debug|Any CPU.Build.0 = Debug|Any CPU
		{6F3F5959-CFB5-4F19-B874-DFEC70391EAD}.Debug|x64.ActiveCfg = Debug|Any CPU
		{6F3F5959-CFB5-4F19-B874-DFEC70391EAD}.Debug|x64.Build.0 = Debug|Any CPU
		{6F3F5959-CFB5-4F19-B874-DFEC70391EAD}.Debug|x86.ActiveCfg = Debug|Any CPU
		{6F3F5959-CFB5-4F19-B874-DFEC70391EAD}.Debug|x86.Build.0 = Debug|Any CPU
		{6F3F5959-CFB5-4F19-B874-DFEC70391EAD}.Release|Any CPU.ActiveCfg = Release|Any CPU
		{6F3F5959-CFB5-4F19-B874-DFEC70391EAD}.Release|Any CPU.Build.0 = Release|Any CPU
		{6F3F5959-CFB5-4F19-B874-DFEC70391EAD}.Release|x64.ActiveCfg = Release|Any CPU
		{6F3F5959-CFB5-4F19-B874-DFEC70391EAD}.Release|x64.Build.0 = Release|Any CPU
		{6F3F5959-CFB5-4F19-B874-DFEC70391EAD}.Release|x86.ActiveCfg = Release|Any CPU
		{6F3F5959-CFB5-4F19-B874-DFEC70391EAD}.Release|x86.Build.0 = Release|Any CPU
		{9B1FB611-D5E1-4826-A91B-82235434E01D}.Debug|Any CPU.ActiveCfg = Debug|Any CPU
		{9B1FB611-D5E1-4826-A91B-82235434E01D}.Debug|Any CPU.Build.0 = Debug|Any CPU
		{9B1FB611-D5E1-4826-A91B-82235434E01D}.Debug|x64.ActiveCfg = Debug|Any CPU
		{9B1FB611-D5E1-4826-A91B-82235434E01D}.Debug|x64.Build.0 = Debug|Any CPU
		{9B1FB611-D5E1-4826-A91B-82235434E01D}.Debug|x86.ActiveCfg = Debug|Any CPU
		{9B1FB611-D5E1-4826-A91B-82235434E01D}.Debug|x86.Build.0 = Debug|Any CPU
		{9B1FB611-D5E1-4826-A91B-82235434E01D}.Release|Any CPU.ActiveCfg = Release|Any CPU
		{9B1FB611-D5E1-4826-A91B-82235434E01D}.Release|Any CPU.Build.0 = Release|Any CPU
		{9B1FB611-D5E1-4826-A91B-82235434E01D}.Release|x64.ActiveCfg = Release|Any CPU
		{9B1FB611-D5E1-4826-A91B-82235434E01D}.Release|x64.Build.0 = Release|Any CPU
		{9B1FB611-D5E1-4826-A91B-82235434E01D}.Release|x86.ActiveCfg = Release|Any CPU
		{9B1FB611-D5E1-4826-A91B-82235434E01D}.Release|x86.Build.0 = Release|Any CPU
		{28CF464F-F553-4CC1-A0BA-51AC5DB7285F}.Debug|Any CPU.ActiveCfg = Debug|Any CPU
		{28CF464F-F553-4CC1-A0BA-51AC5DB7285F}.Debug|Any CPU.Build.0 = Debug|Any CPU
		{28CF464F-F553-4CC1-A0BA-51AC5DB7285F}.Debug|x64.ActiveCfg = Debug|Any CPU
		{28CF464F-F553-4CC1-A0BA-51AC5DB7285F}.Debug|x64.Build.0 = Debug|Any CPU
		{28CF464F-F553-4CC1-A0BA-51AC5DB7285F}.Debug|x86.ActiveCfg = Debug|Any CPU
		{28CF464F-F553-4CC1-A0BA-51AC5DB7285F}.Debug|x86.Build.0 = Debug|Any CPU
		{28CF464F-F553-4CC1-A0BA-51AC5DB7285F}.Release|Any CPU.ActiveCfg = Release|Any CPU
		{28CF464F-F553-4CC1-A0BA-51AC5DB7285F}.Release|Any CPU.Build.0 = Release|Any CPU
		{28CF464F-F553-4CC1-A0BA-51AC5DB7285F}.Release|x64.ActiveCfg = Release|Any CPU
		{28CF464F-F553-4CC1-A0BA-51AC5DB7285F}.Release|x64.Build.0 = Release|Any CPU
		{28CF464F-F553-4CC1-A0BA-51AC5DB7285F}.Release|x86.ActiveCfg = Release|Any CPU
		{28CF464F-F553-4CC1-A0BA-51AC5DB7285F}.Release|x86.Build.0 = Release|Any CPU
	EndGlobalSection
	GlobalSection(SolutionProperties) = preSolution
		HideSolutionNode = FALSE
	EndGlobalSection
	GlobalSection(NestedProjects) = preSolution
		{9B1FB611-D5E1-4826-A91B-82235434E01D} = {A7C5D583-02AB-4C39-8568-20C1BA909E2D}
		{28CF464F-F553-4CC1-A0BA-51AC5DB7285F} = {A7C5D583-02AB-4C39-8568-20C1BA909E2D}
	EndGlobalSection
	GlobalSection(ExtensibilityGlobals) = postSolution
		SolutionGuid = {06A512A2-8317-45E1-AFFC-CECCDC04A649}
	EndGlobalSection
EndGlobal
