
Microsoft Visual Studio Solution File, Format Version 12.00
# Visual Studio Version 16
VisualStudioVersion = 16.0.30114.105
MinimumVisualStudioVersion = 10.0.40219.1
Project("{FAE04EC0-301F-11D3-BF4B-00C04F79EFBC}") = "R5T.NetStandard.Now", "R5T.NetStandard.Now\R5T.NetStandard.Now.csproj", "{83C35C78-93A0-4922-914B-E931332249FA}"
EndProject
Project("{FAE04EC0-301F-11D3-BF4B-00C04F79EFBC}") = "R5T.NetStandard.Now_NuGet", "R5T.NetStandard.Now\R5T.NetStandard.Now_NuGet.csproj", "{AA01A225-8543-4858-875F-2548F2F5A40E}"
EndProject
Project("{FAE04EC0-301F-11D3-BF4B-00C04F79EFBC}") = "R5T.NetStandard.Now.Construction", "R5T.NetStandard.Now.Construction\R5T.NetStandard.Now.Construction.csproj", "{39D465F2-E255-4A33-A669-D2B65030CAC7}"
EndProject
Project("{FAE04EC0-301F-11D3-BF4B-00C04F79EFBC}") = "R5T.NetStandard.Now.Testing", "R5T.NetStandard.Now.Testing\R5T.NetStandard.Now.Testing.csproj", "{457E6EC2-40CE-4603-834A-D65107B303EA}"
EndProject
Global
	GlobalSection(SolutionConfigurationPlatforms) = preSolution
		Debug|Any CPU = Debug|Any CPU
		Debug|x64 = Debug|x64
		Debug|x86 = Debug|x86
		Release|Any CPU = Release|Any CPU
		Release|x64 = Release|x64
		Release|x86 = Release|x86
	EndGlobalSection
	GlobalSection(SolutionProperties) = preSolution
		HideSolutionNode = FALSE
	EndGlobalSection
	GlobalSection(ProjectConfigurationPlatforms) = postSolution
		{83C35C78-93A0-4922-914B-E931332249FA}.Debug|Any CPU.ActiveCfg = Debug|Any CPU
		{83C35C78-93A0-4922-914B-E931332249FA}.Debug|Any CPU.Build.0 = Debug|Any CPU
		{83C35C78-93A0-4922-914B-E931332249FA}.Debug|x64.ActiveCfg = Debug|Any CPU
		{83C35C78-93A0-4922-914B-E931332249FA}.Debug|x64.Build.0 = Debug|Any CPU
		{83C35C78-93A0-4922-914B-E931332249FA}.Debug|x86.ActiveCfg = Debug|Any CPU
		{83C35C78-93A0-4922-914B-E931332249FA}.Debug|x86.Build.0 = Debug|Any CPU
		{83C35C78-93A0-4922-914B-E931332249FA}.Release|Any CPU.ActiveCfg = Release|Any CPU
		{83C35C78-93A0-4922-914B-E931332249FA}.Release|Any CPU.Build.0 = Release|Any CPU
		{83C35C78-93A0-4922-914B-E931332249FA}.Release|x64.ActiveCfg = Release|Any CPU
		{83C35C78-93A0-4922-914B-E931332249FA}.Release|x64.Build.0 = Release|Any CPU
		{83C35C78-93A0-4922-914B-E931332249FA}.Release|x86.ActiveCfg = Release|Any CPU
		{83C35C78-93A0-4922-914B-E931332249FA}.Release|x86.Build.0 = Release|Any CPU
		{AA01A225-8543-4858-875F-2548F2F5A40E}.Debug|Any CPU.ActiveCfg = Debug|Any CPU
		{AA01A225-8543-4858-875F-2548F2F5A40E}.Debug|Any CPU.Build.0 = Debug|Any CPU
		{AA01A225-8543-4858-875F-2548F2F5A40E}.Debug|x64.ActiveCfg = Debug|Any CPU
		{AA01A225-8543-4858-875F-2548F2F5A40E}.Debug|x64.Build.0 = Debug|Any CPU
		{AA01A225-8543-4858-875F-2548F2F5A40E}.Debug|x86.ActiveCfg = Debug|Any CPU
		{AA01A225-8543-4858-875F-2548F2F5A40E}.Debug|x86.Build.0 = Debug|Any CPU
		{AA01A225-8543-4858-875F-2548F2F5A40E}.Release|Any CPU.ActiveCfg = Release|Any CPU
		{AA01A225-8543-4858-875F-2548F2F5A40E}.Release|Any CPU.Build.0 = Release|Any CPU
		{AA01A225-8543-4858-875F-2548F2F5A40E}.Release|x64.ActiveCfg = Release|Any CPU
		{AA01A225-8543-4858-875F-2548F2F5A40E}.Release|x64.Build.0 = Release|Any CPU
		{AA01A225-8543-4858-875F-2548F2F5A40E}.Release|x86.ActiveCfg = Release|Any CPU
		{AA01A225-8543-4858-875F-2548F2F5A40E}.Release|x86.Build.0 = Release|Any CPU
		{39D465F2-E255-4A33-A669-D2B65030CAC7}.Debug|Any CPU.ActiveCfg = Debug|Any CPU
		{39D465F2-E255-4A33-A669-D2B65030CAC7}.Debug|Any CPU.Build.0 = Debug|Any CPU
		{39D465F2-E255-4A33-A669-D2B65030CAC7}.Debug|x64.ActiveCfg = Debug|Any CPU
		{39D465F2-E255-4A33-A669-D2B65030CAC7}.Debug|x64.Build.0 = Debug|Any CPU
		{39D465F2-E255-4A33-A669-D2B65030CAC7}.Debug|x86.ActiveCfg = Debug|Any CPU
		{39D465F2-E255-4A33-A669-D2B65030CAC7}.Debug|x86.Build.0 = Debug|Any CPU
		{39D465F2-E255-4A33-A669-D2B65030CAC7}.Release|Any CPU.ActiveCfg = Release|Any CPU
		{39D465F2-E255-4A33-A669-D2B65030CAC7}.Release|Any CPU.Build.0 = Release|Any CPU
		{39D465F2-E255-4A33-A669-D2B65030CAC7}.Release|x64.ActiveCfg = Release|Any CPU
		{39D465F2-E255-4A33-A669-D2B65030CAC7}.Release|x64.Build.0 = Release|Any CPU
		{39D465F2-E255-4A33-A669-D2B65030CAC7}.Release|x86.ActiveCfg = Release|Any CPU
		{39D465F2-E255-4A33-A669-D2B65030CAC7}.Release|x86.Build.0 = Release|Any CPU
		{457E6EC2-40CE-4603-834A-D65107B303EA}.Debug|Any CPU.ActiveCfg = Debug|Any CPU
		{457E6EC2-40CE-4603-834A-D65107B303EA}.Debug|Any CPU.Build.0 = Debug|Any CPU
		{457E6EC2-40CE-4603-834A-D65107B303EA}.Debug|x64.ActiveCfg = Debug|Any CPU
		{457E6EC2-40CE-4603-834A-D65107B303EA}.Debug|x64.Build.0 = Debug|Any CPU
		{457E6EC2-40CE-4603-834A-D65107B303EA}.Debug|x86.ActiveCfg = Debug|Any CPU
		{457E6EC2-40CE-4603-834A-D65107B303EA}.Debug|x86.Build.0 = Debug|Any CPU
		{457E6EC2-40CE-4603-834A-D65107B303EA}.Release|Any CPU.ActiveCfg = Release|Any CPU
		{457E6EC2-40CE-4603-834A-D65107B303EA}.Release|Any CPU.Build.0 = Release|Any CPU
		{457E6EC2-40CE-4603-834A-D65107B303EA}.Release|x64.ActiveCfg = Release|Any CPU
		{457E6EC2-40CE-4603-834A-D65107B303EA}.Release|x64.Build.0 = Release|Any CPU
		{457E6EC2-40CE-4603-834A-D65107B303EA}.Release|x86.ActiveCfg = Release|Any CPU
		{457E6EC2-40CE-4603-834A-D65107B303EA}.Release|x86.Build.0 = Release|Any CPU
	EndGlobalSection
EndGlobal
